
Microsoft Visual Studio Solution File, Format Version 12.00
# Visual Studio Version 16
VisualStudioVersion = 16.0.29613.14
MinimumVisualStudioVersion = 10.0.40219.1
Project("{FAE04EC0-301F-11D3-BF4B-00C04F79EFBC}") = "Veiculos_Car_Avi_Cam", "Veiculos_Car_Avi_Cam\Veiculos_Car_Avi_Cam.csproj", "{D19A3E90-DD91-4BCB-8909-0B9485956F88}"
EndProject
Global
	GlobalSection(SolutionConfigurationPlatforms) = preSolution
		Debug|Any CPU = Debug|Any CPU
		Release|Any CPU = Release|Any CPU
	EndGlobalSection
	GlobalSection(ProjectConfigurationPlatforms) = postSolution
		{D19A3E90-DD91-4BCB-8909-0B9485956F88}.Debug|Any CPU.ActiveCfg = Debug|Any CPU
		{D19A3E90-DD91-4BCB-8909-0B9485956F88}.Debug|Any CPU.Build.0 = Debug|Any CPU
		{D19A3E90-DD91-4BCB-8909-0B9485956F88}.Release|Any CPU.ActiveCfg = Release|Any CPU
		{D19A3E90-DD91-4BCB-8909-0B9485956F88}.Release|Any CPU.Build.0 = Release|Any CPU
	EndGlobalSection
	GlobalSection(SolutionProperties) = preSolution
		HideSolutionNode = FALSE
	EndGlobalSection
	GlobalSection(ExtensibilityGlobals) = postSolution
		SolutionGuid = {F7FEDEF9-7D8B-4FE0-AC7D-47244B41E397}
	EndGlobalSection
EndGlobal
